{
  "name": "filepreview",
  "version": "1.0.17",
  "lockfileVersion": 1,
  "requires": true,
  "dependencies": {
    "async": {
      "version": "3.0.1",
      "resolved": "http://npm.digitro.com.br/async/-/async-3.0.1.tgz",
      "integrity": "sha512-ZswD8vwPtmBZzbn9xyi8XBQWXH3AvOQ43Za1KWYq7JeycrZuUYzx01KvHcVbXltjqH4y0MWrQ33008uLTqXuDw=="
    },
    "detect-libc": {
      "version": "1.0.3",
      "resolved": "http://npm.digitro.com.br/detect-libc/-/detect-libc-1.0.3.tgz",
      "integrity": "sha1-+hN8S9aY7fVc1c0CrFWfkaTEups="
    },
    "fibers": {
      "version": "3.1.1",
      "resolved": "http://npm.digitro.com.br/fibers/-/fibers-3.1.1.tgz",
      "integrity": "sha512-dl3Ukt08rHVQfY8xGD0ODwyjwrRALtaghuqGH2jByYX1wpY+nAnRQjJ6Dbqq0DnVgNVQ9yibObzbF4IlPyiwPw==",
      "requires": {
        "detect-libc": "^1.0.3"
      }
    },
    "synchronize_f2": {
      "version": "3.0.0",
      "resolved": "http://npm.digitro.com.br/synchronize_f2/-/synchronize_f2-3.0.0.tgz",
      "integrity": "sha512-fmbQhxdXzDDtvmJQKkxaRYefviK1rAhjMcYegt7XfXNObr6cm5AChnI2bF1ySg69Pldl+Eh1X9l91UEiLSPmuw==",
      "requires": {
        "fibers": "3.x"
      }
    }
  }
}
